// !$*UTF8*$!
{
	archiveVersion = 1;
	classes = {
	};
	objectVersion = 50;
	objects = {

/* Begin PBXBuildFile section */
		203D3F60238D8B5E00C8FA79 /* AppDelegate.swift in Sources */ = {isa = PBXBuildFile; fileRef = 203D3F5F238D8B5E00C8FA79 /* AppDelegate.swift */; };
		203D3F62238D8B5E00C8FA79 /* SceneDelegate.swift in Sources */ = {isa = PBXBuildFile; fileRef = 203D3F61238D8B5E00C8FA79 /* SceneDelegate.swift */; };
		203D3F64238D8B5E00C8FA79 /* ViewController.swift in Sources */ = {isa = PBXBuildFile; fileRef = 203D3F63238D8B5E00C8FA79 /* ViewController.swift */; };
		203D3F67238D8B5E00C8FA79 /* Main.storyboard in Resources */ = {isa = PBXBuildFile; fileRef = 203D3F65238D8B5E00C8FA79 /* Main.storyboard */; };
		203D3F69238D8B6100C8FA79 /* Assets.xcassets in Resources */ = {isa = PBXBuildFile; fileRef = 203D3F68238D8B6100C8FA79 /* Assets.xcassets */; };
		203D3F6C238D8B6100C8FA79 /* LaunchScreen.storyboard in Resources */ = {isa = PBXBuildFile; fileRef = 203D3F6A238D8B6100C8FA79 /* LaunchScreen.storyboard */; };
		203D3F75238D8E3200C8FA79 /* ImageCell.swift in Sources */ = {isa = PBXBuildFile; fileRef = 203D3F73238D8E3200C8FA79 /* ImageCell.swift */; };
		203D3F76238D8E3200C8FA79 /* ImageCell.xib in Resources */ = {isa = PBXBuildFile; fileRef = 203D3F74238D8E3200C8FA79 /* ImageCell.xib */; };
/* End PBXBuildFile section */

/* Begin PBXFileReference section */
		203D3F5C238D8B5E00C8FA79 /* CollectionView.app */ = {isa = PBXFileReference; explicitFileType = wrapper.application; includeInIndex = 0; path = CollectionView.app; sourceTree = BUILT_PRODUCTS_DIR; };
		203D3F5F238D8B5E00C8FA79 /* AppDelegate.swift */ = {isa = PBXFileReference; lastKnownFileType = sourcecode.swift; path = AppDelegate.swift; sourceTree = "<group>"; };
		203D3F61238D8B5E00C8FA79 /* SceneDelegate.swift */ = {isa = PBXFileReference; lastKnownFileType = sourcecode.swift; path = SceneDelegate.swift; sourceTree = "<group>"; };
		203D3F63238D8B5E00C8FA79 /* ViewController.swift */ = {isa = PBXFileReference; lastKnownFileType = sourcecode.swift; path = ViewController.swift; sourceTree = "<group>"; };
		203D3F66238D8B5E00C8FA79 /* Base */ = {isa = PBXFileReference; lastKnownFileType = file.storyboard; name = Base; path = Base.lproj/Main.storyboard; sourceTree = "<group>"; };
		203D3F68238D8B6100C8FA79 /* Assets.xcassets */ = {isa = PBXFileReference; lastKnownFileType = folder.assetcatalog; path = Assets.xcassets; sourceTree = "<group>"; };
		203D3F6B238D8B6100C8FA79 /* Base */ = {isa = PBXFileReference; lastKnownFileType = file.storyboard; name = Base; path = Base.lproj/LaunchScreen.storyboard; sourceTree = "<group>"; };
		203D3F6D238D8B6100C8FA79 /* Info.plist */ = {isa = PBXFileReference; lastKnownFileType = text.plist.xml; path = Info.plist; sourceTree = "<group>"; };
		203D3F73238D8E3200C8FA79 /* ImageCell.swift */ = {isa = PBXFileReference; lastKnownFileType = sourcecode.swift; path = ImageCell.swift; sourceTree = "<group>"; };
		203D3F74238D8E3200C8FA79 /* ImageCell.xib */ = {isa = PBXFileReference; lastKnownFileType = file.xib; path = ImageCell.xib; sourceTree = "<group>"; };
/* End PBXFileReference section */

/* Begin PBXFrameworksBuildPhase section */
		203D3F59238D8B5E00C8FA79 /* Frameworks */ = {
			isa = PBXFrameworksBuildPhase;
			buildActionMask = 2147483647;
			files = (
			);
			runOnlyForDeploymentPostprocessing = 0;
		};
/* End PBXFrameworksBuildPhase section */

/* Begin PBXGroup section */
		203D3F53238D8B5E00C8FA79 = {
			isa = PBXGroup;
			children = (
				203D3F5E238D8B5E00C8FA79 /* CollectionView */,
				203D3F5D238D8B5E00C8FA79 /* Products */,
			);
			sourceTree = "<group>";
		};
		203D3F5D238D8B5E00C8FA79 /* Products */ = {
			isa = PBXGroup;
			children = (
				203D3F5C238D8B5E00C8FA79 /* CollectionView.app */,
			);
			name = Products;
			sourceTree = "<group>";
		};
		203D3F5E238D8B5E00C8FA79 /* CollectionView */ = {
			isa = PBXGroup;
			children = (
				203D3F73238D8E3200C8FA79 /* ImageCell.swift */,
				203D3F74238D8E3200C8FA79 /* ImageCell.xib */,
				203D3F5F238D8B5E00C8FA79 /* AppDelegate.swift */,
				203D3F61238D8B5E00C8FA79 /* SceneDelegate.swift */,
				203D3F63238D8B5E00C8FA79 /* ViewController.swift */,
				203D3F65238D8B5E00C8FA79 /* Main.storyboard */,
				203D3F68238D8B6100C8FA79 /* Assets.xcassets */,
				203D3F6A238D8B6100C8FA79 /* LaunchScreen.storyboard */,
				203D3F6D238D8B6100C8FA79 /* Info.plist */,
			);
			path = CollectionView;
			sourceTree = "<group>";
		};
/* End PBXGroup section */

/* Begin PBXNativeTarget section */
		203D3F5B238D8B5E00C8FA79 /* CollectionView */ = {
			isa = PBXNativeTarget;
			buildConfigurationList = 203D3F70238D8B6100C8FA79 /* Build configuration list for PBXNativeTarget "CollectionView" */;
			buildPhases = (
				203D3F58238D8B5E00C8FA79 /* Sources */,
				203D3F59238D8B5E00C8FA79 /* Frameworks */,
				203D3F5A238D8B5E00C8FA79 /* Resources */,
			);
			buildRules = (
			);
			dependencies = (
			);
			name = CollectionView;
			productName = CollectionView;
			productReference = 203D3F5C238D8B5E00C8FA79 /* CollectionView.app */;
			productType = "com.apple.product-type.application";
		};
/* End PBXNativeTarget section */

/* Begin PBXProject section */
		203D3F54238D8B5E00C8FA79 /* Project object */ = {
			isa = PBXProject;
			attributes = {
				LastSwiftUpdateCheck = 1110;
				LastUpgradeCheck = 1110;
				ORGANIZATIONNAME = "Pavel Usov";
				TargetAttributes = {
					203D3F5B238D8B5E00C8FA79 = {
						CreatedOnToolsVersion = 11.1;
					};
				};
			};
			buildConfigurationList = 203D3F57238D8B5E00C8FA79 /* Build configuration list for PBXProject "CollectionView" */;
			compatibilityVersion = "Xcode 9.3";
			developmentRegion = en;
			hasScannedForEncodings = 0;
			knownRegions = (
				en,
				Base,
			);
			mainGroup = 203D3F53238D8B5E00C8FA79;
			productRefGroup = 203D3F5D238D8B5E00C8FA79 /* Products */;
			projectDirPath = "";
			projectRoot = "";
			targets = (
				203D3F5B238D8B5E00C8FA79 /* CollectionView */,
			);
		};
/* End PBXProject section */

/* Begin PBXResourcesBuildPhase section */
		203D3F5A238D8B5E00C8FA79 /* Resources */ = {
			isa = PBXResourcesBuildPhase;
			buildActionMask = 2147483647;
			files = (
				203D3F6C238D8B6100C8FA79 /* LaunchScreen.storyboard in Resources */,
				203D3F76238D8E3200C8FA79 /* ImageCell.xib in Resources */,
				203D3F69238D8B6100C8FA79 /* Assets.xcassets in Resources */,
				203D3F67238D8B5E00C8FA79 /* Main.storyboard in Resources */,
			);
			runOnlyForDeploymentPostprocessing = 0;
		};
/* End PBXResourcesBuildPhase section */

/* Begin PBXSourcesBuildPhase section */
		203D3F58238D8B5E00C8FA79 /* Sources */ = {
			isa = PBXSourcesBuildPhase;
			buildActionMask = 2147483647;
			files = (
				203D3F64238D8B5E00C8FA79 /* ViewController.swift in Sources */,
				203D3F75238D8E3200C8FA79 /* ImageCell.swift in Sources */,
				203D3F60238D8B5E00C8FA79 /* AppDelegate.swift in Sources */,
				203D3F62238D8B5E00C8FA79 /* SceneDelegate.swift in Sources */,
			);
			runOnlyForDeploymentPostprocessing = 0;
		};
/* End PBXSourcesBuildPhase section */

/* Begin PBXVariantGroup section */
		203D3F65238D8B5E00C8FA79 /* Main.storyboard */ = {
			isa = PBXVariantGroup;
			children = (
				203D3F66238D8B5E00C8FA79 /* Base */,
			);
			name = Main.storyboard;
			sourceTree = "<group>";
		};
		203D3F6A238D8B6100C8FA79 /* LaunchScreen.storyboard */ = {
			isa = PBXVariantGroup;
			children = (
				203D3F6B238D8B6100C8FA79 /* Base */,
			);
			name = LaunchScreen.storyboard;
			sourceTree = "<group>";
		};
/* End PBXVariantGroup section */

/* Begin XCBuildConfiguration section */
		203D3F6E238D8B6100C8FA79 /* Debug */ = {
			isa = XCBuildConfiguration;
			buildSettings = {
				ALWAYS_SEARCH_USER_PATHS = NO;
				CLANG_ANALYZER_NONNULL = YES;
				CLANG_ANALYZER_NUMBER_OBJECT_CONVERSION = YES_AGGRESSIVE;
				CLANG_CXX_LANGUAGE_STANDARD = "gnu++14";
				CLANG_CXX_LIBRARY = "libc++";
				CLANG_ENABLE_MODULES = YES;
				CLANG_ENABLE_OBJC_ARC = YES;
				CLANG_ENABLE_OBJC_WEAK = YES;
				CLANG_WARN_BLOCK_CAPTURE_AUTORELEASING = YES;
				CLANG_WARN_BOOL_CONVERSION = YES;
				CLANG_WARN_COMMA = YES;
				CLANG_WARN_CONSTANT_CONVERSION = YES;
				CLANG_WARN_DEPRECATED_OBJC_IMPLEMENTATIONS = YES;
				CLANG_WARN_DIRECT_OBJC_ISA_USAGE = YES_ERROR;
				CLANG_WARN_DOCUMENTATION_COMMENTS = YES;
				CLANG_WARN_EMPTY_BODY = YES;
				CLANG_WARN_ENUM_CONVERSION = YES;
				CLANG_WARN_INFINITE_RECURSION = YES;
				CLANG_WARN_INT_CONVERSION = YES;
				CLANG_WARN_NON_LITERAL_NULL_CONVERSION = YES;
				CLANG_WARN_OBJC_IMPLICIT_RETAIN_SELF = YES;
				CLANG_WARN_OBJC_LITERAL_CONVERSION = YES;
				CLANG_WARN_OBJC_ROOT_CLASS = YES_ERROR;
				CLANG_WARN_RANGE_LOOP_ANALYSIS = YES;
				CLANG_WARN_STRICT_PROTOTYPES = YES;
				CLANG_WARN_SUSPICIOUS_MOVE = YES;
				CLANG_WARN_UNGUARDED_AVAILABILITY = YES_AGGRESSIVE;
				CLANG_WARN_UNREACHABLE_CODE = YES;
				CLANG_WARN__DUPLICATE_METHOD_MATCH = YES;
				COPY_PHASE_STRIP = NO;
				DEBUG_INFORMATION_FORMAT = dwarf;
				ENABLE_STRICT_OBJC_MSGSEND = YES;
				ENABLE_TESTABILITY = YES;
				GCC_C_LANGUAGE_STANDARD = gnu11;
				GCC_DYNAMIC_NO_PIC = NO;
				GCC_NO_COMMON_BLOCKS = YES;
				GCC_OPTIMIZATION_LEVEL = 0;
				GCC_PREPROCESSOR_DEFINITIONS = (
					"DEBUG=1",
					"$(inherited)",
				);
				GCC_WARN_64_TO_32_BIT_CONVERSION = YES;
				GCC_WARN_ABOUT_RETURN_TYPE = YES_ERROR;
				GCC_WARN_UNDECLARED_SELECTOR = YES;
				GCC_WARN_UNINITIALIZED_AUTOS = YES_AGGRESSIVE;
				GCC_WARN_UNUSED_FUNCTION = YES;
				GCC_WARN_UNUSED_VARIABLE = YES;
				IPHONEOS_DEPLOYMENT_TARGET = 13.1;
				MTL_ENABLE_DEBUG_INFO = INCLUDE_SOURCE;
				MTL_FAST_MATH = YES;
				ONLY_ACTIVE_ARCH = YES;
				SDKROOT = iphoneos;
				SWIFT_ACTIVE_COMPILATION_CONDITIONS = DEBUG;
				SWIFT_OPTIMIZATION_LEVEL = "-Onone";
			};
			name = Debug;
		};
		203D3F6F238D8B6100C8FA79 /* Release */ = {
			isa = XCBuildConfiguration;
			buildSettings = {
				ALWAYS_SEARCH_USER_PATHS = NO;
				CLANG_ANALYZER_NONNULL = YES;
				CLANG_ANALYZER_NUMBER_OBJECT_CONVERSION = YES_AGGRESSIVE;
				CLANG_CXX_LANGUAGE_STANDARD = "gnu++14";
				CLANG_CXX_LIBRARY = "libc++";
				CLANG_ENABLE_MODULES = YES;
				CLANG_ENABLE_OBJC_ARC = YES;
				CLANG_ENABLE_OBJC_WEAK = YES;
				CLANG_WARN_BLOCK_CAPTURE_AUTORELEASING = YES;
				CLANG_WARN_BOOL_CONVERSION = YES;
				CLANG_WARN_COMMA = YES;
				CLANG_WARN_CONSTANT_CONVERSION = YES;
				CLANG_WARN_DEPRECATED_OBJC_IMPLEMENTATIONS = YES;
				CLANG_WARN_DIRECT_OBJC_ISA_USAGE = YES_ERROR;
				CLANG_WARN_DOCUMENTATION_COMMENTS = YES;
				CLANG_WARN_EMPTY_BODY = YES;
				CLANG_WARN_ENUM_CONVERSION = YES;
				CLANG_WARN_INFINITE_RECURSION = YES;
				CLANG_WARN_INT_CONVERSION = YES;
				CLANG_WARN_NON_LITERAL_NULL_CONVERSION = YES;
				CLANG_WARN_OBJC_IMPLICIT_RETAIN_SELF = YES;
				CLANG_WARN_OBJC_LITERAL_CONVERSION = YES;
				CLANG_WARN_OBJC_ROOT_CLASS = YES_ERROR;
				CLANG_WARN_RANGE_LOOP_ANALYSIS = YES;
				CLANG_WARN_STRICT_PROTOTYPES = YES;
				CLANG_WARN_SUSPICIOUS_MOVE = YES;
				CLANG_WARN_UNGUARDED_AVAILABILITY = YES_AGGRESSIVE;
				CLANG_WARN_UNREACHABLE_CODE = YES;
				CLANG_WARN__DUPLICATE_METHOD_MATCH = YES;
				COPY_PHASE_STRIP = NO;
				DEBUG_INFORMATION_FORMAT = "dwarf-with-dsym";
				ENABLE_NS_ASSERTIONS = NO;
				ENABLE_STRICT_OBJC_MSGSEND = YES;
				GCC_C_LANGUAGE_STANDARD = gnu11;
				GCC_NO_COMMON_BLOCKS = YES;
				GCC_WARN_64_TO_32_BIT_CONVERSION = YES;
				GCC_WARN_ABOUT_RETURN_TYPE = YES_ERROR;
				GCC_WARN_UNDECLARED_SELECTOR = YES;
				GCC_WARN_UNINITIALIZED_AUTOS = YES_AGGRESSIVE;
				GCC_WARN_UNUSED_FUNCTION = YES;
				GCC_WARN_UNUSED_VARIABLE = YES;
				IPHONEOS_DEPLOYMENT_TARGET = 13.1;
				MTL_ENABLE_DEBUG_INFO = NO;
				MTL_FAST_MATH = YES;
				SDKROOT = iphoneos;
				SWIFT_COMPILATION_MODE = wholemodule;
				SWIFT_OPTIMIZATION_LEVEL = "-O";
				VALIDATE_PRODUCT = YES;
			};
			name = Release;
		};
		203D3F71238D8B6100C8FA79 /* Debug */ = {
			isa = XCBuildConfiguration;
			buildSettings = {
				ASSETCATALOG_COMPILER_APPICON_NAME = AppIcon;
				CODE_SIGN_STYLE = Automatic;
				DEVELOPMENT_TEAM = FPUQGH2S89;
				INFOPLIST_FILE = CollectionView/Info.plist;
				LD_RUNPATH_SEARCH_PATHS = (
					"$(inherited)",
					"@executable_path/Frameworks",
				);
				PRODUCT_BUNDLE_IDENTIFIER = usov.CollectionView;
				PRODUCT_NAME = "$(TARGET_NAME)";
				SWIFT_VERSION = 5.0;
				TARGETED_DEVICE_FAMILY = "1,2";
			};
			name = Debug;
		};
		203D3F72238D8B6100C8FA79 /* Release */ = {
			isa = XCBuildConfiguration;
			buildSettings = {
				ASSETCATALOG_COMPILER_APPICON_NAME = AppIcon;
				CODE_SIGN_STYLE = Automatic;
				DEVELOPMENT_TEAM = FPUQGH2S89;
				INFOPLIST_FILE = CollectionView/Info.plist;
				LD_RUNPATH_SEARCH_PATHS = (
					"$(inherited)",
					"@executable_path/Frameworks",
				);
				PRODUCT_BUNDLE_IDENTIFIER = usov.CollectionView;
				PRODUCT_NAME = "$(TARGET_NAME)";
				SWIFT_VERSION = 5.0;
				TARGETED_DEVICE_FAMILY = "1,2";
			};
			name = Release;
		};
/* End XCBuildConfiguration section */

/* Begin XCConfigurationList section */
		203D3F57238D8B5E00C8FA79 /* Build configuration list for PBXProject "CollectionView" */ = {
			isa = XCConfigurationList;
			buildConfigurations = (
				203D3F6E238D8B6100C8FA79 /* Debug */,
				203D3F6F238D8B6100C8FA79 /* Release */,
			);
			defaultConfigurationIsVisible = 0;
			defaultConfigurationName = Release;
		};
		203D3F70238D8B6100C8FA79 /* Build configuration list for PBXNativeTarget "CollectionView" */ = {
			isa = XCConfigurationList;
			buildConfigurations = (
				203D3F71238D8B6100C8FA79 /* Debug */,
				203D3F72238D8B6100C8FA79 /* Release */,
			);
			defaultConfigurationIsVisible = 0;
			defaultConfigurationName = Release;
		};
/* End XCConfigurationList section */
	};
	rootObject = 203D3F54238D8B5E00C8FA79 /* Project object */;
}
