// !$*UTF8*$!
{
	archiveVersion = 1;
	classes = {
	};
	objectVersion = 50;
	objects = {

/* Begin PBXBuildFile section */
		203D3F1C238456D200C8FA79 /* AppDelegate.swift in Sources */ = {isa = PBXBuildFile; fileRef = 203D3F1B238456D200C8FA79 /* AppDelegate.swift */; };
		203D3F1E238456D200C8FA79 /* SceneDelegate.swift in Sources */ = {isa = PBXBuildFile; fileRef = 203D3F1D238456D200C8FA79 /* SceneDelegate.swift */; };
		203D3F20238456D200C8FA79 /* ViewController.swift in Sources */ = {isa = PBXBuildFile; fileRef = 203D3F1F238456D200C8FA79 /* ViewController.swift */; };
		203D3F23238456D200C8FA79 /* Main.storyboard in Resources */ = {isa = PBXBuildFile; fileRef = 203D3F21238456D200C8FA79 /* Main.storyboard */; };
		203D3F25238456D400C8FA79 /* Assets.xcassets in Resources */ = {isa = PBXBuildFile; fileRef = 203D3F24238456D400C8FA79 /* Assets.xcassets */; };
		203D3F28238456D400C8FA79 /* LaunchScreen.storyboard in Resources */ = {isa = PBXBuildFile; fileRef = 203D3F26238456D400C8FA79 /* LaunchScreen.storyboard */; };
		203D3F302384649100C8FA79 /* TableViewCell.swift in Sources */ = {isa = PBXBuildFile; fileRef = 203D3F2F2384649100C8FA79 /* TableViewCell.swift */; };
		203D3F322385CCD300C8FA79 /* ItemCell.swift in Sources */ = {isa = PBXBuildFile; fileRef = 203D3F312385CCD300C8FA79 /* ItemCell.swift */; };
/* End PBXBuildFile section */

/* Begin PBXFileReference section */
		203D3F18238456D200C8FA79 /* table-view.app */ = {isa = PBXFileReference; explicitFileType = wrapper.application; includeInIndex = 0; path = "table-view.app"; sourceTree = BUILT_PRODUCTS_DIR; };
		203D3F1B238456D200C8FA79 /* AppDelegate.swift */ = {isa = PBXFileReference; lastKnownFileType = sourcecode.swift; path = AppDelegate.swift; sourceTree = "<group>"; };
		203D3F1D238456D200C8FA79 /* SceneDelegate.swift */ = {isa = PBXFileReference; lastKnownFileType = sourcecode.swift; path = SceneDelegate.swift; sourceTree = "<group>"; };
		203D3F1F238456D200C8FA79 /* ViewController.swift */ = {isa = PBXFileReference; lastKnownFileType = sourcecode.swift; path = ViewController.swift; sourceTree = "<group>"; };
		203D3F22238456D200C8FA79 /* Base */ = {isa = PBXFileReference; lastKnownFileType = file.storyboard; name = Base; path = Base.lproj/Main.storyboard; sourceTree = "<group>"; };
		203D3F24238456D400C8FA79 /* Assets.xcassets */ = {isa = PBXFileReference; lastKnownFileType = folder.assetcatalog; path = Assets.xcassets; sourceTree = "<group>"; };
		203D3F27238456D400C8FA79 /* Base */ = {isa = PBXFileReference; lastKnownFileType = file.storyboard; name = Base; path = Base.lproj/LaunchScreen.storyboard; sourceTree = "<group>"; };
		203D3F29238456D400C8FA79 /* Info.plist */ = {isa = PBXFileReference; lastKnownFileType = text.plist.xml; path = Info.plist; sourceTree = "<group>"; };
		203D3F2F2384649100C8FA79 /* TableViewCell.swift */ = {isa = PBXFileReference; lastKnownFileType = sourcecode.swift; path = TableViewCell.swift; sourceTree = "<group>"; };
		203D3F312385CCD300C8FA79 /* ItemCell.swift */ = {isa = PBXFileReference; lastKnownFileType = sourcecode.swift; path = ItemCell.swift; sourceTree = "<group>"; };
/* End PBXFileReference section */

/* Begin PBXFrameworksBuildPhase section */
		203D3F15238456D200C8FA79 /* Frameworks */ = {
			isa = PBXFrameworksBuildPhase;
			buildActionMask = 2147483647;
			files = (
			);
			runOnlyForDeploymentPostprocessing = 0;
		};
/* End PBXFrameworksBuildPhase section */

/* Begin PBXGroup section */
		203D3F0F238456D200C8FA79 = {
			isa = PBXGroup;
			children = (
				203D3F1A238456D200C8FA79 /* table-view */,
				203D3F19238456D200C8FA79 /* Products */,
			);
			sourceTree = "<group>";
		};
		203D3F19238456D200C8FA79 /* Products */ = {
			isa = PBXGroup;
			children = (
				203D3F18238456D200C8FA79 /* table-view.app */,
			);
			name = Products;
			sourceTree = "<group>";
		};
		203D3F1A238456D200C8FA79 /* table-view */ = {
			isa = PBXGroup;
			children = (
				203D3F1B238456D200C8FA79 /* AppDelegate.swift */,
				203D3F1D238456D200C8FA79 /* SceneDelegate.swift */,
				203D3F1F238456D200C8FA79 /* ViewController.swift */,
				203D3F21238456D200C8FA79 /* Main.storyboard */,
				203D3F24238456D400C8FA79 /* Assets.xcassets */,
				203D3F26238456D400C8FA79 /* LaunchScreen.storyboard */,
				203D3F29238456D400C8FA79 /* Info.plist */,
				203D3F2F2384649100C8FA79 /* TableViewCell.swift */,
				203D3F312385CCD300C8FA79 /* ItemCell.swift */,
			);
			path = "table-view";
			sourceTree = "<group>";
		};
/* End PBXGroup section */

/* Begin PBXNativeTarget section */
		203D3F17238456D200C8FA79 /* table-view */ = {
			isa = PBXNativeTarget;
			buildConfigurationList = 203D3F2C238456D400C8FA79 /* Build configuration list for PBXNativeTarget "table-view" */;
			buildPhases = (
				203D3F14238456D200C8FA79 /* Sources */,
				203D3F15238456D200C8FA79 /* Frameworks */,
				203D3F16238456D200C8FA79 /* Resources */,
			);
			buildRules = (
			);
			dependencies = (
			);
			name = "table-view";
			productName = "table-view";
			productReference = 203D3F18238456D200C8FA79 /* table-view.app */;
			productType = "com.apple.product-type.application";
		};
/* End PBXNativeTarget section */

/* Begin PBXProject section */
		203D3F10238456D200C8FA79 /* Project object */ = {
			isa = PBXProject;
			attributes = {
				LastSwiftUpdateCheck = 1110;
				LastUpgradeCheck = 1110;
				ORGANIZATIONNAME = "Pavel Usov";
				TargetAttributes = {
					203D3F17238456D200C8FA79 = {
						CreatedOnToolsVersion = 11.1;
					};
				};
			};
			buildConfigurationList = 203D3F13238456D200C8FA79 /* Build configuration list for PBXProject "table-view" */;
			compatibilityVersion = "Xcode 9.3";
			developmentRegion = en;
			hasScannedForEncodings = 0;
			knownRegions = (
				en,
				Base,
			);
			mainGroup = 203D3F0F238456D200C8FA79;
			productRefGroup = 203D3F19238456D200C8FA79 /* Products */;
			projectDirPath = "";
			projectRoot = "";
			targets = (
				203D3F17238456D200C8FA79 /* table-view */,
			);
		};
/* End PBXProject section */

/* Begin PBXResourcesBuildPhase section */
		203D3F16238456D200C8FA79 /* Resources */ = {
			isa = PBXResourcesBuildPhase;
			buildActionMask = 2147483647;
			files = (
				203D3F28238456D400C8FA79 /* LaunchScreen.storyboard in Resources */,
				203D3F25238456D400C8FA79 /* Assets.xcassets in Resources */,
				203D3F23238456D200C8FA79 /* Main.storyboard in Resources */,
			);
			runOnlyForDeploymentPostprocessing = 0;
		};
/* End PBXResourcesBuildPhase section */

/* Begin PBXSourcesBuildPhase section */
		203D3F14238456D200C8FA79 /* Sources */ = {
			isa = PBXSourcesBuildPhase;
			buildActionMask = 2147483647;
			files = (
				203D3F20238456D200C8FA79 /* ViewController.swift in Sources */,
				203D3F302384649100C8FA79 /* TableViewCell.swift in Sources */,
				203D3F1C238456D200C8FA79 /* AppDelegate.swift in Sources */,
				203D3F1E238456D200C8FA79 /* SceneDelegate.swift in Sources */,
				203D3F322385CCD300C8FA79 /* ItemCell.swift in Sources */,
			);
			runOnlyForDeploymentPostprocessing = 0;
		};
/* End PBXSourcesBuildPhase section */

/* Begin PBXVariantGroup section */
		203D3F21238456D200C8FA79 /* Main.storyboard */ = {
			isa = PBXVariantGroup;
			children = (
				203D3F22238456D200C8FA79 /* Base */,
			);
			name = Main.storyboard;
			sourceTree = "<group>";
		};
		203D3F26238456D400C8FA79 /* LaunchScreen.storyboard */ = {
			isa = PBXVariantGroup;
			children = (
				203D3F27238456D400C8FA79 /* Base */,
			);
			name = LaunchScreen.storyboard;
			sourceTree = "<group>";
		};
/* End PBXVariantGroup section */

/* Begin XCBuildConfiguration section */
		203D3F2A238456D400C8FA79 /* Debug */ = {
			isa = XCBuildConfiguration;
			buildSettings = {
				ALWAYS_SEARCH_USER_PATHS = NO;
				CLANG_ANALYZER_NONNULL = YES;
				CLANG_ANALYZER_NUMBER_OBJECT_CONVERSION = YES_AGGRESSIVE;
				CLANG_CXX_LANGUAGE_STANDARD = "gnu++14";
				CLANG_CXX_LIBRARY = "libc++";
				CLANG_ENABLE_MODULES = YES;
				CLANG_ENABLE_OBJC_ARC = YES;
				CLANG_ENABLE_OBJC_WEAK = YES;
				CLANG_WARN_BLOCK_CAPTURE_AUTORELEASING = YES;
				CLANG_WARN_BOOL_CONVERSION = YES;
				CLANG_WARN_COMMA = YES;
				CLANG_WARN_CONSTANT_CONVERSION = YES;
				CLANG_WARN_DEPRECATED_OBJC_IMPLEMENTATIONS = YES;
				CLANG_WARN_DIRECT_OBJC_ISA_USAGE = YES_ERROR;
				CLANG_WARN_DOCUMENTATION_COMMENTS = YES;
				CLANG_WARN_EMPTY_BODY = YES;
				CLANG_WARN_ENUM_CONVERSION = YES;
				CLANG_WARN_INFINITE_RECURSION = YES;
				CLANG_WARN_INT_CONVERSION = YES;
				CLANG_WARN_NON_LITERAL_NULL_CONVERSION = YES;
				CLANG_WARN_OBJC_IMPLICIT_RETAIN_SELF = YES;
				CLANG_WARN_OBJC_LITERAL_CONVERSION = YES;
				CLANG_WARN_OBJC_ROOT_CLASS = YES_ERROR;
				CLANG_WARN_RANGE_LOOP_ANALYSIS = YES;
				CLANG_WARN_STRICT_PROTOTYPES = YES;
				CLANG_WARN_SUSPICIOUS_MOVE = YES;
				CLANG_WARN_UNGUARDED_AVAILABILITY = YES_AGGRESSIVE;
				CLANG_WARN_UNREACHABLE_CODE = YES;
				CLANG_WARN__DUPLICATE_METHOD_MATCH = YES;
				COPY_PHASE_STRIP = NO;
				DEBUG_INFORMATION_FORMAT = dwarf;
				ENABLE_STRICT_OBJC_MSGSEND = YES;
				ENABLE_TESTABILITY = YES;
				GCC_C_LANGUAGE_STANDARD = gnu11;
				GCC_DYNAMIC_NO_PIC = NO;
				GCC_NO_COMMON_BLOCKS = YES;
				GCC_OPTIMIZATION_LEVEL = 0;
				GCC_PREPROCESSOR_DEFINITIONS = (
					"DEBUG=1",
					"$(inherited)",
				);
				GCC_WARN_64_TO_32_BIT_CONVERSION = YES;
				GCC_WARN_ABOUT_RETURN_TYPE = YES_ERROR;
				GCC_WARN_UNDECLARED_SELECTOR = YES;
				GCC_WARN_UNINITIALIZED_AUTOS = YES_AGGRESSIVE;
				GCC_WARN_UNUSED_FUNCTION = YES;
				GCC_WARN_UNUSED_VARIABLE = YES;
				IPHONEOS_DEPLOYMENT_TARGET = 13.1;
				MTL_ENABLE_DEBUG_INFO = INCLUDE_SOURCE;
				MTL_FAST_MATH = YES;
				ONLY_ACTIVE_ARCH = YES;
				SDKROOT = iphoneos;
				SWIFT_ACTIVE_COMPILATION_CONDITIONS = DEBUG;
				SWIFT_OPTIMIZATION_LEVEL = "-Onone";
			};
			name = Debug;
		};
		203D3F2B238456D400C8FA79 /* Release */ = {
			isa = XCBuildConfiguration;
			buildSettings = {
				ALWAYS_SEARCH_USER_PATHS = NO;
				CLANG_ANALYZER_NONNULL = YES;
				CLANG_ANALYZER_NUMBER_OBJECT_CONVERSION = YES_AGGRESSIVE;
				CLANG_CXX_LANGUAGE_STANDARD = "gnu++14";
				CLANG_CXX_LIBRARY = "libc++";
				CLANG_ENABLE_MODULES = YES;
				CLANG_ENABLE_OBJC_ARC = YES;
				CLANG_ENABLE_OBJC_WEAK = YES;
				CLANG_WARN_BLOCK_CAPTURE_AUTORELEASING = YES;
				CLANG_WARN_BOOL_CONVERSION = YES;
				CLANG_WARN_COMMA = YES;
				CLANG_WARN_CONSTANT_CONVERSION = YES;
				CLANG_WARN_DEPRECATED_OBJC_IMPLEMENTATIONS = YES;
				CLANG_WARN_DIRECT_OBJC_ISA_USAGE = YES_ERROR;
				CLANG_WARN_DOCUMENTATION_COMMENTS = YES;
				CLANG_WARN_EMPTY_BODY = YES;
				CLANG_WARN_ENUM_CONVERSION = YES;
				CLANG_WARN_INFINITE_RECURSION = YES;
				CLANG_WARN_INT_CONVERSION = YES;
				CLANG_WARN_NON_LITERAL_NULL_CONVERSION = YES;
				CLANG_WARN_OBJC_IMPLICIT_RETAIN_SELF = YES;
				CLANG_WARN_OBJC_LITERAL_CONVERSION = YES;
				CLANG_WARN_OBJC_ROOT_CLASS = YES_ERROR;
				CLANG_WARN_RANGE_LOOP_ANALYSIS = YES;
				CLANG_WARN_STRICT_PROTOTYPES = YES;
				CLANG_WARN_SUSPICIOUS_MOVE = YES;
				CLANG_WARN_UNGUARDED_AVAILABILITY = YES_AGGRESSIVE;
				CLANG_WARN_UNREACHABLE_CODE = YES;
				CLANG_WARN__DUPLICATE_METHOD_MATCH = YES;
				COPY_PHASE_STRIP = NO;
				DEBUG_INFORMATION_FORMAT = "dwarf-with-dsym";
				ENABLE_NS_ASSERTIONS = NO;
				ENABLE_STRICT_OBJC_MSGSEND = YES;
				GCC_C_LANGUAGE_STANDARD = gnu11;
				GCC_NO_COMMON_BLOCKS = YES;
				GCC_WARN_64_TO_32_BIT_CONVERSION = YES;
				GCC_WARN_ABOUT_RETURN_TYPE = YES_ERROR;
				GCC_WARN_UNDECLARED_SELECTOR = YES;
				GCC_WARN_UNINITIALIZED_AUTOS = YES_AGGRESSIVE;
				GCC_WARN_UNUSED_FUNCTION = YES;
				GCC_WARN_UNUSED_VARIABLE = YES;
				IPHONEOS_DEPLOYMENT_TARGET = 13.1;
				MTL_ENABLE_DEBUG_INFO = NO;
				MTL_FAST_MATH = YES;
				SDKROOT = iphoneos;
				SWIFT_COMPILATION_MODE = wholemodule;
				SWIFT_OPTIMIZATION_LEVEL = "-O";
				VALIDATE_PRODUCT = YES;
			};
			name = Release;
		};
		203D3F2D238456D400C8FA79 /* Debug */ = {
			isa = XCBuildConfiguration;
			buildSettings = {
				ASSETCATALOG_COMPILER_APPICON_NAME = AppIcon;
				CODE_SIGN_STYLE = Automatic;
				DEVELOPMENT_TEAM = FPUQGH2S89;
				INFOPLIST_FILE = "table-view/Info.plist";
				LD_RUNPATH_SEARCH_PATHS = (
					"$(inherited)",
					"@executable_path/Frameworks",
				);
				PRODUCT_BUNDLE_IDENTIFIER = "usov.table-view";
				PRODUCT_NAME = "$(TARGET_NAME)";
				SWIFT_VERSION = 5.0;
				TARGETED_DEVICE_FAMILY = "1,2";
			};
			name = Debug;
		};
		203D3F2E238456D400C8FA79 /* Release */ = {
			isa = XCBuildConfiguration;
			buildSettings = {
				ASSETCATALOG_COMPILER_APPICON_NAME = AppIcon;
				CODE_SIGN_STYLE = Automatic;
				DEVELOPMENT_TEAM = FPUQGH2S89;
				INFOPLIST_FILE = "table-view/Info.plist";
				LD_RUNPATH_SEARCH_PATHS = (
					"$(inherited)",
					"@executable_path/Frameworks",
				);
				PRODUCT_BUNDLE_IDENTIFIER = "usov.table-view";
				PRODUCT_NAME = "$(TARGET_NAME)";
				SWIFT_VERSION = 5.0;
				TARGETED_DEVICE_FAMILY = "1,2";
			};
			name = Release;
		};
/* End XCBuildConfiguration section */

/* Begin XCConfigurationList section */
		203D3F13238456D200C8FA79 /* Build configuration list for PBXProject "table-view" */ = {
			isa = XCConfigurationList;
			buildConfigurations = (
				203D3F2A238456D400C8FA79 /* Debug */,
				203D3F2B238456D400C8FA79 /* Release */,
			);
			defaultConfigurationIsVisible = 0;
			defaultConfigurationName = Release;
		};
		203D3F2C238456D400C8FA79 /* Build configuration list for PBXNativeTarget "table-view" */ = {
			isa = XCConfigurationList;
			buildConfigurations = (
				203D3F2D238456D400C8FA79 /* Debug */,
				203D3F2E238456D400C8FA79 /* Release */,
			);
			defaultConfigurationIsVisible = 0;
			defaultConfigurationName = Release;
		};
/* End XCConfigurationList section */
	};
	rootObject = 203D3F10238456D200C8FA79 /* Project object */;
}
